
Microsoft Visual Studio Solution File, Format Version 12.00
# Visual Studio 15
VisualStudioVersion = 15.0.27703.2035
MinimumVisualStudioVersion = 10.0.40219.1
Project("{FAE04EC0-301F-11D3-BF4B-00C04F79EFBC}") = "SnakeLader", "SnakeLader\SnakeLader.csproj", "{367355C6-4040-43F7-8DA6-0FB024938E6E}"
EndProject
Global
	GlobalSection(SolutionConfigurationPlatforms) = preSolution
		Debug|Any CPU = Debug|Any CPU
		Release|Any CPU = Release|Any CPU
	EndGlobalSection
	GlobalSection(ProjectConfigurationPlatforms) = postSolution
		{367355C6-4040-43F7-8DA6-0FB024938E6E}.Debug|Any CPU.ActiveCfg = Debug|Any CPU
		{367355C6-4040-43F7-8DA6-0FB024938E6E}.Debug|Any CPU.Build.0 = Debug|Any CPU
		{367355C6-4040-43F7-8DA6-0FB024938E6E}.Release|Any CPU.ActiveCfg = Release|Any CPU
		{367355C6-4040-43F7-8DA6-0FB024938E6E}.Release|Any CPU.Build.0 = Release|Any CPU
	EndGlobalSection
	GlobalSection(SolutionProperties) = preSolution
		HideSolutionNode = FALSE
	EndGlobalSection
	GlobalSection(ExtensibilityGlobals) = postSolution
		SolutionGuid = {BFD9BA09-57D4-4BFC-BD56-ED5CEF1FE436}
	EndGlobalSection
EndGlobal
